
Microsoft Visual Studio Solution File, Format Version 12.00
# Visual Studio Version 17
VisualStudioVersion = 17.0.31903.59
MinimumVisualStudioVersion = 10.0.40219.1
Project("{2150E333-8FDC-42A3-9474-1A3956D46DE8}") = "Services", "Services", "{5476E673-FC65-460C-98AD-4327F5CB9A1B}"
	ProjectSection(SolutionItems) = preProject
		docker-compose.yml = docker-compose.yml
		docker-compose.override.yml = docker-compose.override.yml
	EndProjectSection
EndProject
Project("{2150E333-8FDC-42A3-9474-1A3956D46DE8}") = "Catalog", "Catalog", "{E333756F-6CDF-4388-BA28-D59F28BAAA90}"
EndProject
Project("{FAE04EC0-301F-11D3-BF4B-00C04F79EFBC}") = "Catalog.API", "Services\Catalog\Catalog.API\Catalog.API.csproj", "{DB5D90D5-276C-4CDC-BBAD-5C85E8BAD351}"
EndProject
Project("{2150E333-8FDC-42A3-9474-1A3956D46DE8}") = "Basket", "Basket", "{719B698F-87EC-426F-88FA-058292897FA9}"
EndProject
Project("{FAE04EC0-301F-11D3-BF4B-00C04F79EFBC}") = "Basket.API", "Services\Basket\Basket.API\Basket.API.csproj", "{594F0647-8B5F-484F-B648-0C0AAEC69957}"
EndProject
Project("{2150E333-8FDC-42A3-9474-1A3956D46DE8}") = "Discount", "Discount", "{49E29B6F-95BD-42C9-9E77-47595A5CAD1F}"
EndProject
Project("{FAE04EC0-301F-11D3-BF4B-00C04F79EFBC}") = "Discount.API", "Services\Discount\Discount.API\Discount.API.csproj", "{B8B7AF22-892E-4CB2-B91E-E6ED9754964B}"
EndProject
Project("{FAE04EC0-301F-11D3-BF4B-00C04F79EFBC}") = "Discount.Grpc", "Services\Discount\Discount.Grpc\Discount.Grpc.csproj", "{57B4AF34-7CBA-4DF4-A591-0352474FB278}"
EndProject
Project("{2150E333-8FDC-42A3-9474-1A3956D46DE8}") = "Ordering", "Ordering", "{17F958EC-9062-4CD9-82ED-EF2A5E4B6B24}"
EndProject
Project("{FAE04EC0-301F-11D3-BF4B-00C04F79EFBC}") = "Ordering.API", "Services\Ordering\Ordering.API\Ordering.API.csproj", "{14219AF4-D555-460A-B696-5AF8302E7355}"
EndProject
Project("{FAE04EC0-301F-11D3-BF4B-00C04F79EFBC}") = "Ordering.Domain", "Services\Ordering\Ordering.Domain\Ordering.Domain.csproj", "{9694A9B5-8764-4A4D-90BA-E8ADE4117B8A}"
EndProject
Project("{FAE04EC0-301F-11D3-BF4B-00C04F79EFBC}") = "Ordering.Application", "Services\Ordering\Ordering.Application\Ordering.Application.csproj", "{6FCEF8BB-4441-4113-9B4E-9D81E2D06503}"
EndProject
Project("{FAE04EC0-301F-11D3-BF4B-00C04F79EFBC}") = "Ordering.Infrastructure", "Services\Ordering\Ordering.Infrastructure\Ordering.Infrastructure.csproj", "{D7213B0F-17F8-4DA2-A7FA-AB536BEE8D45}"
EndProject
Global
	GlobalSection(SolutionConfigurationPlatforms) = preSolution
		Debug|Any CPU = Debug|Any CPU
		Release|Any CPU = Release|Any CPU
	EndGlobalSection
	GlobalSection(SolutionProperties) = preSolution
		HideSolutionNode = FALSE
	EndGlobalSection
	GlobalSection(NestedProjects) = preSolution
		{E333756F-6CDF-4388-BA28-D59F28BAAA90} = {5476E673-FC65-460C-98AD-4327F5CB9A1B}
		{DB5D90D5-276C-4CDC-BBAD-5C85E8BAD351} = {E333756F-6CDF-4388-BA28-D59F28BAAA90}
		{719B698F-87EC-426F-88FA-058292897FA9} = {5476E673-FC65-460C-98AD-4327F5CB9A1B}
		{594F0647-8B5F-484F-B648-0C0AAEC69957} = {719B698F-87EC-426F-88FA-058292897FA9}
		{49E29B6F-95BD-42C9-9E77-47595A5CAD1F} = {5476E673-FC65-460C-98AD-4327F5CB9A1B}
		{B8B7AF22-892E-4CB2-B91E-E6ED9754964B} = {49E29B6F-95BD-42C9-9E77-47595A5CAD1F}
		{57B4AF34-7CBA-4DF4-A591-0352474FB278} = {49E29B6F-95BD-42C9-9E77-47595A5CAD1F}
		{17F958EC-9062-4CD9-82ED-EF2A5E4B6B24} = {5476E673-FC65-460C-98AD-4327F5CB9A1B}
		{14219AF4-D555-460A-B696-5AF8302E7355} = {17F958EC-9062-4CD9-82ED-EF2A5E4B6B24}
		{9694A9B5-8764-4A4D-90BA-E8ADE4117B8A} = {17F958EC-9062-4CD9-82ED-EF2A5E4B6B24}
		{6FCEF8BB-4441-4113-9B4E-9D81E2D06503} = {17F958EC-9062-4CD9-82ED-EF2A5E4B6B24}
		{D7213B0F-17F8-4DA2-A7FA-AB536BEE8D45} = {17F958EC-9062-4CD9-82ED-EF2A5E4B6B24}
	EndGlobalSection
	GlobalSection(ProjectConfigurationPlatforms) = postSolution
		{DB5D90D5-276C-4CDC-BBAD-5C85E8BAD351}.Debug|Any CPU.ActiveCfg = Debug|Any CPU
		{DB5D90D5-276C-4CDC-BBAD-5C85E8BAD351}.Debug|Any CPU.Build.0 = Debug|Any CPU
		{DB5D90D5-276C-4CDC-BBAD-5C85E8BAD351}.Release|Any CPU.ActiveCfg = Release|Any CPU
		{DB5D90D5-276C-4CDC-BBAD-5C85E8BAD351}.Release|Any CPU.Build.0 = Release|Any CPU
		{594F0647-8B5F-484F-B648-0C0AAEC69957}.Debug|Any CPU.ActiveCfg = Debug|Any CPU
		{594F0647-8B5F-484F-B648-0C0AAEC69957}.Debug|Any CPU.Build.0 = Debug|Any CPU
		{594F0647-8B5F-484F-B648-0C0AAEC69957}.Release|Any CPU.ActiveCfg = Release|Any CPU
		{594F0647-8B5F-484F-B648-0C0AAEC69957}.Release|Any CPU.Build.0 = Release|Any CPU
		{B8B7AF22-892E-4CB2-B91E-E6ED9754964B}.Debug|Any CPU.ActiveCfg = Debug|Any CPU
		{B8B7AF22-892E-4CB2-B91E-E6ED9754964B}.Debug|Any CPU.Build.0 = Debug|Any CPU
		{B8B7AF22-892E-4CB2-B91E-E6ED9754964B}.Release|Any CPU.ActiveCfg = Release|Any CPU
		{B8B7AF22-892E-4CB2-B91E-E6ED9754964B}.Release|Any CPU.Build.0 = Release|Any CPU
		{57B4AF34-7CBA-4DF4-A591-0352474FB278}.Debug|Any CPU.ActiveCfg = Debug|Any CPU
		{57B4AF34-7CBA-4DF4-A591-0352474FB278}.Debug|Any CPU.Build.0 = Debug|Any CPU
		{57B4AF34-7CBA-4DF4-A591-0352474FB278}.Release|Any CPU.ActiveCfg = Release|Any CPU
		{57B4AF34-7CBA-4DF4-A591-0352474FB278}.Release|Any CPU.Build.0 = Release|Any CPU
		{14219AF4-D555-460A-B696-5AF8302E7355}.Debug|Any CPU.ActiveCfg = Debug|Any CPU
		{14219AF4-D555-460A-B696-5AF8302E7355}.Debug|Any CPU.Build.0 = Debug|Any CPU
		{14219AF4-D555-460A-B696-5AF8302E7355}.Release|Any CPU.ActiveCfg = Release|Any CPU
		{14219AF4-D555-460A-B696-5AF8302E7355}.Release|Any CPU.Build.0 = Release|Any CPU
		{9694A9B5-8764-4A4D-90BA-E8ADE4117B8A}.Debug|Any CPU.ActiveCfg = Debug|Any CPU
		{9694A9B5-8764-4A4D-90BA-E8ADE4117B8A}.Debug|Any CPU.Build.0 = Debug|Any CPU
		{9694A9B5-8764-4A4D-90BA-E8ADE4117B8A}.Release|Any CPU.ActiveCfg = Release|Any CPU
		{9694A9B5-8764-4A4D-90BA-E8ADE4117B8A}.Release|Any CPU.Build.0 = Release|Any CPU
		{6FCEF8BB-4441-4113-9B4E-9D81E2D06503}.Debug|Any CPU.ActiveCfg = Debug|Any CPU
		{6FCEF8BB-4441-4113-9B4E-9D81E2D06503}.Debug|Any CPU.Build.0 = Debug|Any CPU
		{6FCEF8BB-4441-4113-9B4E-9D81E2D06503}.Release|Any CPU.ActiveCfg = Release|Any CPU
		{6FCEF8BB-4441-4113-9B4E-9D81E2D06503}.Release|Any CPU.Build.0 = Release|Any CPU
		{D7213B0F-17F8-4DA2-A7FA-AB536BEE8D45}.Debug|Any CPU.ActiveCfg = Debug|Any CPU
		{D7213B0F-17F8-4DA2-A7FA-AB536BEE8D45}.Debug|Any CPU.Build.0 = Debug|Any CPU
		{D7213B0F-17F8-4DA2-A7FA-AB536BEE8D45}.Release|Any CPU.ActiveCfg = Release|Any CPU
		{D7213B0F-17F8-4DA2-A7FA-AB536BEE8D45}.Release|Any CPU.Build.0 = Release|Any CPU
	EndGlobalSection
EndGlobal
